// !$*UTF8*$!
{
	archiveVersion = 1;
	classes = {
	};
	objectVersion = 55;
	objects = {

/* Begin PBXBuildFile section */
		8203FE1B289EBE6900027752 /* Date+Today.swift in Sources */ = {isa = PBXBuildFile; fileRef = 8203FE1A289EBE6900027752 /* Date+Today.swift */; };
		8203FE1E289EC1CE00027752 /* ReminderListViewController+DataSouce.swift in Sources */ = {isa = PBXBuildFile; fileRef = 8203FE1D289EC1CE00027752 /* ReminderListViewController+DataSouce.swift */; };
		8203FE2028A04AB100027752 /* UIColor+ToDay.swift in Sources */ = {isa = PBXBuildFile; fileRef = 8203FE1F28A04AB100027752 /* UIColor+ToDay.swift */; };
		8203FE2428A0507700027752 /* ReminderViewController.swift in Sources */ = {isa = PBXBuildFile; fileRef = 8203FE2328A0507700027752 /* ReminderViewController.swift */; };
		8203FE2728A0524400027752 /* ReminderViewController+Row.swift in Sources */ = {isa = PBXBuildFile; fileRef = 8203FE2628A0524400027752 /* ReminderViewController+Row.swift */; };
		8203FE2928A0810600027752 /* ReminderDoneButton.swift in Sources */ = {isa = PBXBuildFile; fileRef = 8203FE2828A0810600027752 /* ReminderDoneButton.swift */; };
		8203FE2B28A0814300027752 /* ReminderListViewController+Actions.swift in Sources */ = {isa = PBXBuildFile; fileRef = 8203FE2A28A0814300027752 /* ReminderListViewController+Actions.swift */; };
		822E240F28A9A9A1008DB7B8 /* ReminderViewController+Section.swift in Sources */ = {isa = PBXBuildFile; fileRef = 822E240E28A9A9A1008DB7B8 /* ReminderViewController+Section.swift */; };
		822E241128AB0D2A008DB7B8 /* ReminderViewController+CellConfiguration.swift in Sources */ = {isa = PBXBuildFile; fileRef = 822E241028AB0D2A008DB7B8 /* ReminderViewController+CellConfiguration.swift */; };
		822E241428AB0FCC008DB7B8 /* UiView+PinnedSubview.swift in Sources */ = {isa = PBXBuildFile; fileRef = 822E241328AB0FCC008DB7B8 /* UiView+PinnedSubview.swift */; };
		8277951828C41CCA00CDDD69 /* ProgressHeaderView.swift in Sources */ = {isa = PBXBuildFile; fileRef = 8277951728C41CCA00CDDD69 /* ProgressHeaderView.swift */; };
		829DCFCE289C8EE8007365AF /* AppDelegate.swift in Sources */ = {isa = PBXBuildFile; fileRef = 829DCFCD289C8EE8007365AF /* AppDelegate.swift */; };
		829DCFD0289C8EE8007365AF /* SceneDelegate.swift in Sources */ = {isa = PBXBuildFile; fileRef = 829DCFCF289C8EE8007365AF /* SceneDelegate.swift */; };
		829DCFD2289C8EE8007365AF /* ReminderListViewController.swift in Sources */ = {isa = PBXBuildFile; fileRef = 829DCFD1289C8EE8007365AF /* ReminderListViewController.swift */; };
		829DCFD5289C8EE8007365AF /* Main.storyboard in Resources */ = {isa = PBXBuildFile; fileRef = 829DCFD3289C8EE8007365AF /* Main.storyboard */; };
		829DCFD7289C8EEC007365AF /* Assets.xcassets in Resources */ = {isa = PBXBuildFile; fileRef = 829DCFD6289C8EEC007365AF /* Assets.xcassets */; };
		829DCFDA289C8EEC007365AF /* LaunchScreen.storyboard in Resources */ = {isa = PBXBuildFile; fileRef = 829DCFD8289C8EEC007365AF /* LaunchScreen.storyboard */; };
		829DCFE3289C90CD007365AF /* Reminder.swift in Sources */ = {isa = PBXBuildFile; fileRef = 829DCFE2289C90CD007365AF /* Reminder.swift */; };
		82F17B7B28B5815F0019ECC8 /* TextFieldContentView.swift in Sources */ = {isa = PBXBuildFile; fileRef = 82F17B7A28B5815F0019ECC8 /* TextFieldContentView.swift */; };
		82F17B7D28B582E90019ECC8 /* UiContentConfiguration+Stateless.swift in Sources */ = {isa = PBXBuildFile; fileRef = 82F17B7C28B582E90019ECC8 /* UiContentConfiguration+Stateless.swift */; };
		82F17B7F28B58DBA0019ECC8 /* TextViewContentView.swift in Sources */ = {isa = PBXBuildFile; fileRef = 82F17B7E28B58DBA0019ECC8 /* TextViewContentView.swift */; };
		82F17B8128B5962E0019ECC8 /* DatePickerContentView.swift in Sources */ = {isa = PBXBuildFile; fileRef = 82F17B8028B5962E0019ECC8 /* DatePickerContentView.swift */; };
		82F17B8328C178AD0019ECC8 /* ReminderListStyle.swift in Sources */ = {isa = PBXBuildFile; fileRef = 82F17B8228C178AD0019ECC8 /* ReminderListStyle.swift */; };
/* End PBXBuildFile section */

/* Begin PBXFileReference section */
		8203FE1A289EBE6900027752 /* Date+Today.swift */ = {isa = PBXFileReference; lastKnownFileType = sourcecode.swift; path = "Date+Today.swift"; sourceTree = "<group>"; };
		8203FE1D289EC1CE00027752 /* ReminderListViewController+DataSouce.swift */ = {isa = PBXFileReference; lastKnownFileType = sourcecode.swift; path = "ReminderListViewController+DataSouce.swift"; sourceTree = "<group>"; };
		8203FE1F28A04AB100027752 /* UIColor+ToDay.swift */ = {isa = PBXFileReference; lastKnownFileType = sourcecode.swift; path = "UIColor+ToDay.swift"; sourceTree = "<group>"; };
		8203FE2328A0507700027752 /* ReminderViewController.swift */ = {isa = PBXFileReference; lastKnownFileType = sourcecode.swift; path = ReminderViewController.swift; sourceTree = "<group>"; };
		8203FE2628A0524400027752 /* ReminderViewController+Row.swift */ = {isa = PBXFileReference; lastKnownFileType = sourcecode.swift; path = "ReminderViewController+Row.swift"; sourceTree = "<group>"; };
		8203FE2828A0810600027752 /* ReminderDoneButton.swift */ = {isa = PBXFileReference; lastKnownFileType = sourcecode.swift; path = ReminderDoneButton.swift; sourceTree = "<group>"; };
		8203FE2A28A0814300027752 /* ReminderListViewController+Actions.swift */ = {isa = PBXFileReference; lastKnownFileType = sourcecode.swift; path = "ReminderListViewController+Actions.swift"; sourceTree = "<group>"; };
		822E240E28A9A9A1008DB7B8 /* ReminderViewController+Section.swift */ = {isa = PBXFileReference; lastKnownFileType = sourcecode.swift; path = "ReminderViewController+Section.swift"; sourceTree = "<group>"; };
		822E241028AB0D2A008DB7B8 /* ReminderViewController+CellConfiguration.swift */ = {isa = PBXFileReference; lastKnownFileType = sourcecode.swift; path = "ReminderViewController+CellConfiguration.swift"; sourceTree = "<group>"; };
		822E241328AB0FCC008DB7B8 /* UiView+PinnedSubview.swift */ = {isa = PBXFileReference; lastKnownFileType = sourcecode.swift; path = "UiView+PinnedSubview.swift"; sourceTree = "<group>"; };
		8277951728C41CCA00CDDD69 /* ProgressHeaderView.swift */ = {isa = PBXFileReference; lastKnownFileType = sourcecode.swift; path = ProgressHeaderView.swift; sourceTree = "<group>"; };
		829DCFCA289C8EE8007365AF /* Today_App.app */ = {isa = PBXFileReference; explicitFileType = wrapper.application; includeInIndex = 0; path = Today_App.app; sourceTree = BUILT_PRODUCTS_DIR; };
		829DCFCD289C8EE8007365AF /* AppDelegate.swift */ = {isa = PBXFileReference; lastKnownFileType = sourcecode.swift; path = AppDelegate.swift; sourceTree = "<group>"; };
		829DCFCF289C8EE8007365AF /* SceneDelegate.swift */ = {isa = PBXFileReference; lastKnownFileType = sourcecode.swift; path = SceneDelegate.swift; sourceTree = "<group>"; };
		829DCFD1289C8EE8007365AF /* ReminderListViewController.swift */ = {isa = PBXFileReference; lastKnownFileType = sourcecode.swift; path = ReminderListViewController.swift; sourceTree = "<group>"; };
		829DCFD4289C8EE8007365AF /* Base */ = {isa = PBXFileReference; lastKnownFileType = file.storyboard; name = Base; path = Base.lproj/Main.storyboard; sourceTree = "<group>"; };
		829DCFD6289C8EEC007365AF /* Assets.xcassets */ = {isa = PBXFileReference; lastKnownFileType = folder.assetcatalog; path = Assets.xcassets; sourceTree = "<group>"; };
		829DCFD9289C8EEC007365AF /* Base */ = {isa = PBXFileReference; lastKnownFileType = file.storyboard; name = Base; path = Base.lproj/LaunchScreen.storyboard; sourceTree = "<group>"; };
		829DCFDB289C8EEC007365AF /* Info.plist */ = {isa = PBXFileReference; lastKnownFileType = text.plist.xml; path = Info.plist; sourceTree = "<group>"; };
		829DCFE2289C90CD007365AF /* Reminder.swift */ = {isa = PBXFileReference; lastKnownFileType = sourcecode.swift; path = Reminder.swift; sourceTree = "<group>"; };
		82F17B7A28B5815F0019ECC8 /* TextFieldContentView.swift */ = {isa = PBXFileReference; lastKnownFileType = sourcecode.swift; path = TextFieldContentView.swift; sourceTree = "<group>"; };
		82F17B7C28B582E90019ECC8 /* UiContentConfiguration+Stateless.swift */ = {isa = PBXFileReference; lastKnownFileType = sourcecode.swift; path = "UiContentConfiguration+Stateless.swift"; sourceTree = "<group>"; };
		82F17B7E28B58DBA0019ECC8 /* TextViewContentView.swift */ = {isa = PBXFileReference; lastKnownFileType = sourcecode.swift; path = TextViewContentView.swift; sourceTree = "<group>"; };
		82F17B8028B5962E0019ECC8 /* DatePickerContentView.swift */ = {isa = PBXFileReference; lastKnownFileType = sourcecode.swift; path = DatePickerContentView.swift; sourceTree = "<group>"; };
		82F17B8228C178AD0019ECC8 /* ReminderListStyle.swift */ = {isa = PBXFileReference; lastKnownFileType = sourcecode.swift; path = ReminderListStyle.swift; sourceTree = "<group>"; };
/* End PBXFileReference section */

/* Begin PBXFrameworksBuildPhase section */
		829DCFC7289C8EE8007365AF /* Frameworks */ = {
			isa = PBXFrameworksBuildPhase;
			buildActionMask = 2147483647;
			files = (
			);
			runOnlyForDeploymentPostprocessing = 0;
		};
/* End PBXFrameworksBuildPhase section */

/* Begin PBXGroup section */
		8203FE1C289EC16D00027752 /* ListViewController */ = {
			isa = PBXGroup;
			children = (
				829DCFD1289C8EE8007365AF /* ReminderListViewController.swift */,
				8203FE1D289EC1CE00027752 /* ReminderListViewController+DataSouce.swift */,
				8203FE2828A0810600027752 /* ReminderDoneButton.swift */,
				8203FE2A28A0814300027752 /* ReminderListViewController+Actions.swift */,
				8277951728C41CCA00CDDD69 /* ProgressHeaderView.swift */,
			);
			path = ListViewController;
			sourceTree = "<group>";
		};
		8203FE2528A051F900027752 /* DetailViewController */ = {
			isa = PBXGroup;
			children = (
				8203FE2328A0507700027752 /* ReminderViewController.swift */,
				8203FE2628A0524400027752 /* ReminderViewController+Row.swift */,
				822E240E28A9A9A1008DB7B8 /* ReminderViewController+Section.swift */,
				822E241028AB0D2A008DB7B8 /* ReminderViewController+CellConfiguration.swift */,
			);
			path = DetailViewController;
			sourceTree = "<group>";
		};
		822E241228AB0F94008DB7B8 /* ContentViews */ = {
			isa = PBXGroup;
			children = (
				822E241328AB0FCC008DB7B8 /* UiView+PinnedSubview.swift */,
				82F17B7A28B5815F0019ECC8 /* TextFieldContentView.swift */,
				82F17B7C28B582E90019ECC8 /* UiContentConfiguration+Stateless.swift */,
				82F17B7E28B58DBA0019ECC8 /* TextViewContentView.swift */,
				82F17B8028B5962E0019ECC8 /* DatePickerContentView.swift */,
			);
			path = ContentViews;
			sourceTree = "<group>";
		};
		829DCFC1289C8EE8007365AF = {
			isa = PBXGroup;
			children = (
				829DCFCC289C8EE8007365AF /* Today_App */,
				829DCFCB289C8EE8007365AF /* Products */,
			);
			sourceTree = "<group>";
		};
		829DCFCB289C8EE8007365AF /* Products */ = {
			isa = PBXGroup;
			children = (
				829DCFCA289C8EE8007365AF /* Today_App.app */,
			);
			name = Products;
			sourceTree = "<group>";
		};
		829DCFCC289C8EE8007365AF /* Today_App */ = {
			isa = PBXGroup;
			children = (
				829DCFE1289C9092007365AF /* Models */,
				829DCFCD289C8EE8007365AF /* AppDelegate.swift */,
				829DCFCF289C8EE8007365AF /* SceneDelegate.swift */,
				822E241228AB0F94008DB7B8 /* ContentViews */,
				8203FE2528A051F900027752 /* DetailViewController */,
				8203FE1C289EC16D00027752 /* ListViewController */,
				829DCFD3289C8EE8007365AF /* Main.storyboard */,
				829DCFD6289C8EEC007365AF /* Assets.xcassets */,
				829DCFD8289C8EEC007365AF /* LaunchScreen.storyboard */,
				829DCFDB289C8EEC007365AF /* Info.plist */,
			);
			path = Today_App;
			sourceTree = "<group>";
		};
		829DCFE1289C9092007365AF /* Models */ = {
			isa = PBXGroup;
			children = (
				829DCFE2289C90CD007365AF /* Reminder.swift */,
				8203FE1A289EBE6900027752 /* Date+Today.swift */,
				8203FE1F28A04AB100027752 /* UIColor+ToDay.swift */,
				82F17B8228C178AD0019ECC8 /* ReminderListStyle.swift */,
			);
			path = Models;
			sourceTree = "<group>";
		};
/* End PBXGroup section */

/* Begin PBXNativeTarget section */
		829DCFC9289C8EE8007365AF /* Today_App */ = {
			isa = PBXNativeTarget;
			buildConfigurationList = 829DCFDE289C8EEC007365AF /* Build configuration list for PBXNativeTarget "Today_App" */;
			buildPhases = (
				829DCFC6289C8EE8007365AF /* Sources */,
				829DCFC7289C8EE8007365AF /* Frameworks */,
				829DCFC8289C8EE8007365AF /* Resources */,
			);
			buildRules = (
			);
			dependencies = (
			);
			name = Today_App;
			productName = Today_App;
			productReference = 829DCFCA289C8EE8007365AF /* Today_App.app */;
			productType = "com.apple.product-type.application";
		};
/* End PBXNativeTarget section */

/* Begin PBXProject section */
		829DCFC2289C8EE8007365AF /* Project object */ = {
			isa = PBXProject;
			attributes = {
				BuildIndependentTargetsInParallel = 1;
				LastSwiftUpdateCheck = 1340;
				LastUpgradeCheck = 1340;
				TargetAttributes = {
					829DCFC9289C8EE8007365AF = {
						CreatedOnToolsVersion = 13.4.1;
					};
				};
			};
			buildConfigurationList = 829DCFC5289C8EE8007365AF /* Build configuration list for PBXProject "Today_App" */;
			compatibilityVersion = "Xcode 13.0";
			developmentRegion = en;
			hasScannedForEncodings = 0;
			knownRegions = (
				en,
				Base,
			);
			mainGroup = 829DCFC1289C8EE8007365AF;
			productRefGroup = 829DCFCB289C8EE8007365AF /* Products */;
			projectDirPath = "";
			projectRoot = "";
			targets = (
				829DCFC9289C8EE8007365AF /* Today_App */,
			);
		};
/* End PBXProject section */

/* Begin PBXResourcesBuildPhase section */
		829DCFC8289C8EE8007365AF /* Resources */ = {
			isa = PBXResourcesBuildPhase;
			buildActionMask = 2147483647;
			files = (
				829DCFDA289C8EEC007365AF /* LaunchScreen.storyboard in Resources */,
				829DCFD7289C8EEC007365AF /* Assets.xcassets in Resources */,
				829DCFD5289C8EE8007365AF /* Main.storyboard in Resources */,
			);
			runOnlyForDeploymentPostprocessing = 0;
		};
/* End PBXResourcesBuildPhase section */

/* Begin PBXSourcesBuildPhase section */
		829DCFC6289C8EE8007365AF /* Sources */ = {
			isa = PBXSourcesBuildPhase;
			buildActionMask = 2147483647;
			files = (
				8277951828C41CCA00CDDD69 /* ProgressHeaderView.swift in Sources */,
				82F17B7D28B582E90019ECC8 /* UiContentConfiguration+Stateless.swift in Sources */,
				822E240F28A9A9A1008DB7B8 /* ReminderViewController+Section.swift in Sources */,
				82F17B8128B5962E0019ECC8 /* DatePickerContentView.swift in Sources */,
				829DCFD2289C8EE8007365AF /* ReminderListViewController.swift in Sources */,
				8203FE1B289EBE6900027752 /* Date+Today.swift in Sources */,
				829DCFCE289C8EE8007365AF /* AppDelegate.swift in Sources */,
				82F17B8328C178AD0019ECC8 /* ReminderListStyle.swift in Sources */,
				8203FE2028A04AB100027752 /* UIColor+ToDay.swift in Sources */,
				8203FE2428A0507700027752 /* ReminderViewController.swift in Sources */,
				822E241428AB0FCC008DB7B8 /* UiView+PinnedSubview.swift in Sources */,
				829DCFD0289C8EE8007365AF /* SceneDelegate.swift in Sources */,
				82F17B7F28B58DBA0019ECC8 /* TextViewContentView.swift in Sources */,
				8203FE1E289EC1CE00027752 /* ReminderListViewController+DataSouce.swift in Sources */,
				8203FE2928A0810600027752 /* ReminderDoneButton.swift in Sources */,
				822E241128AB0D2A008DB7B8 /* ReminderViewController+CellConfiguration.swift in Sources */,
				8203FE2B28A0814300027752 /* ReminderListViewController+Actions.swift in Sources */,
				829DCFE3289C90CD007365AF /* Reminder.swift in Sources */,
				8203FE2728A0524400027752 /* ReminderViewController+Row.swift in Sources */,
				82F17B7B28B5815F0019ECC8 /* TextFieldContentView.swift in Sources */,
			);
			runOnlyForDeploymentPostprocessing = 0;
		};
/* End PBXSourcesBuildPhase section */

/* Begin PBXVariantGroup section */
		829DCFD3289C8EE8007365AF /* Main.storyboard */ = {
			isa = PBXVariantGroup;
			children = (
				829DCFD4289C8EE8007365AF /* Base */,
			);
			name = Main.storyboard;
			sourceTree = "<group>";
		};
		829DCFD8289C8EEC007365AF /* LaunchScreen.storyboard */ = {
			isa = PBXVariantGroup;
			children = (
				829DCFD9289C8EEC007365AF /* Base */,
			);
			name = LaunchScreen.storyboard;
			sourceTree = "<group>";
		};
/* End PBXVariantGroup section */

/* Begin XCBuildConfiguration section */
		829DCFDC289C8EEC007365AF /* Debug */ = {
			isa = XCBuildConfiguration;
			buildSettings = {
				ALWAYS_SEARCH_USER_PATHS = NO;
				CLANG_ANALYZER_NONNULL = YES;
				CLANG_ANALYZER_NUMBER_OBJECT_CONVERSION = YES_AGGRESSIVE;
				CLANG_CXX_LANGUAGE_STANDARD = "gnu++17";
				CLANG_ENABLE_MODULES = YES;
				CLANG_ENABLE_OBJC_ARC = YES;
				CLANG_ENABLE_OBJC_WEAK = YES;
				CLANG_WARN_BLOCK_CAPTURE_AUTORELEASING = YES;
				CLANG_WARN_BOOL_CONVERSION = YES;
				CLANG_WARN_COMMA = YES;
				CLANG_WARN_CONSTANT_CONVERSION = YES;
				CLANG_WARN_DEPRECATED_OBJC_IMPLEMENTATIONS = YES;
				CLANG_WARN_DIRECT_OBJC_ISA_USAGE = YES_ERROR;
				CLANG_WARN_DOCUMENTATION_COMMENTS = YES;
				CLANG_WARN_EMPTY_BODY = YES;
				CLANG_WARN_ENUM_CONVERSION = YES;
				CLANG_WARN_INFINITE_RECURSION = YES;
				CLANG_WARN_INT_CONVERSION = YES;
				CLANG_WARN_NON_LITERAL_NULL_CONVERSION = YES;
				CLANG_WARN_OBJC_IMPLICIT_RETAIN_SELF = YES;
				CLANG_WARN_OBJC_LITERAL_CONVERSION = YES;
				CLANG_WARN_OBJC_ROOT_CLASS = YES_ERROR;
				CLANG_WARN_QUOTED_INCLUDE_IN_FRAMEWORK_HEADER = YES;
				CLANG_WARN_RANGE_LOOP_ANALYSIS = YES;
				CLANG_WARN_STRICT_PROTOTYPES = YES;
				CLANG_WARN_SUSPICIOUS_MOVE = YES;
				CLANG_WARN_UNGUARDED_AVAILABILITY = YES_AGGRESSIVE;
				CLANG_WARN_UNREACHABLE_CODE = YES;
				CLANG_WARN__DUPLICATE_METHOD_MATCH = YES;
				COPY_PHASE_STRIP = NO;
				DEBUG_INFORMATION_FORMAT = dwarf;
				ENABLE_STRICT_OBJC_MSGSEND = YES;
				ENABLE_TESTABILITY = YES;
				GCC_C_LANGUAGE_STANDARD = gnu11;
				GCC_DYNAMIC_NO_PIC = NO;
				GCC_NO_COMMON_BLOCKS = YES;
				GCC_OPTIMIZATION_LEVEL = 0;
				GCC_PREPROCESSOR_DEFINITIONS = (
					"DEBUG=1",
					"$(inherited)",
				);
				GCC_WARN_64_TO_32_BIT_CONVERSION = YES;
				GCC_WARN_ABOUT_RETURN_TYPE = YES_ERROR;
				GCC_WARN_UNDECLARED_SELECTOR = YES;
				GCC_WARN_UNINITIALIZED_AUTOS = YES_AGGRESSIVE;
				GCC_WARN_UNUSED_FUNCTION = YES;
				GCC_WARN_UNUSED_VARIABLE = YES;
				IPHONEOS_DEPLOYMENT_TARGET = 15.5;
				MTL_ENABLE_DEBUG_INFO = INCLUDE_SOURCE;
				MTL_FAST_MATH = YES;
				ONLY_ACTIVE_ARCH = YES;
				SDKROOT = iphoneos;
				SWIFT_ACTIVE_COMPILATION_CONDITIONS = DEBUG;
				SWIFT_OPTIMIZATION_LEVEL = "-Onone";
			};
			name = Debug;
		};
		829DCFDD289C8EEC007365AF /* Release */ = {
			isa = XCBuildConfiguration;
			buildSettings = {
				ALWAYS_SEARCH_USER_PATHS = NO;
				CLANG_ANALYZER_NONNULL = YES;
				CLANG_ANALYZER_NUMBER_OBJECT_CONVERSION = YES_AGGRESSIVE;
				CLANG_CXX_LANGUAGE_STANDARD = "gnu++17";
				CLANG_ENABLE_MODULES = YES;
				CLANG_ENABLE_OBJC_ARC = YES;
				CLANG_ENABLE_OBJC_WEAK = YES;
				CLANG_WARN_BLOCK_CAPTURE_AUTORELEASING = YES;
				CLANG_WARN_BOOL_CONVERSION = YES;
				CLANG_WARN_COMMA = YES;
				CLANG_WARN_CONSTANT_CONVERSION = YES;
				CLANG_WARN_DEPRECATED_OBJC_IMPLEMENTATIONS = YES;
				CLANG_WARN_DIRECT_OBJC_ISA_USAGE = YES_ERROR;
				CLANG_WARN_DOCUMENTATION_COMMENTS = YES;
				CLANG_WARN_EMPTY_BODY = YES;
				CLANG_WARN_ENUM_CONVERSION = YES;
				CLANG_WARN_INFINITE_RECURSION = YES;
				CLANG_WARN_INT_CONVERSION = YES;
				CLANG_WARN_NON_LITERAL_NULL_CONVERSION = YES;
				CLANG_WARN_OBJC_IMPLICIT_RETAIN_SELF = YES;
				CLANG_WARN_OBJC_LITERAL_CONVERSION = YES;
				CLANG_WARN_OBJC_ROOT_CLASS = YES_ERROR;
				CLANG_WARN_QUOTED_INCLUDE_IN_FRAMEWORK_HEADER = YES;
				CLANG_WARN_RANGE_LOOP_ANALYSIS = YES;
				CLANG_WARN_STRICT_PROTOTYPES = YES;
				CLANG_WARN_SUSPICIOUS_MOVE = YES;
				CLANG_WARN_UNGUARDED_AVAILABILITY = YES_AGGRESSIVE;
				CLANG_WARN_UNREACHABLE_CODE = YES;
				CLANG_WARN__DUPLICATE_METHOD_MATCH = YES;
				COPY_PHASE_STRIP = NO;
				DEBUG_INFORMATION_FORMAT = "dwarf-with-dsym";
				ENABLE_NS_ASSERTIONS = NO;
				ENABLE_STRICT_OBJC_MSGSEND = YES;
				GCC_C_LANGUAGE_STANDARD = gnu11;
				GCC_NO_COMMON_BLOCKS = YES;
				GCC_WARN_64_TO_32_BIT_CONVERSION = YES;
				GCC_WARN_ABOUT_RETURN_TYPE = YES_ERROR;
				GCC_WARN_UNDECLARED_SELECTOR = YES;
				GCC_WARN_UNINITIALIZED_AUTOS = YES_AGGRESSIVE;
				GCC_WARN_UNUSED_FUNCTION = YES;
				GCC_WARN_UNUSED_VARIABLE = YES;
				IPHONEOS_DEPLOYMENT_TARGET = 15.5;
				MTL_ENABLE_DEBUG_INFO = NO;
				MTL_FAST_MATH = YES;
				SDKROOT = iphoneos;
				SWIFT_COMPILATION_MODE = wholemodule;
				SWIFT_OPTIMIZATION_LEVEL = "-O";
				VALIDATE_PRODUCT = YES;
			};
			name = Release;
		};
		829DCFDF289C8EEC007365AF /* Debug */ = {
			isa = XCBuildConfiguration;
			buildSettings = {
				ASSETCATALOG_COMPILER_APPICON_NAME = AppIcon;
				ASSETCATALOG_COMPILER_GLOBAL_ACCENT_COLOR_NAME = AccentColor;
				CODE_SIGN_STYLE = Automatic;
				CURRENT_PROJECT_VERSION = 1;
				DEVELOPMENT_TEAM = Z8BJ823U5D;
				GENERATE_INFOPLIST_FILE = YES;
				INFOPLIST_FILE = Today_App/Info.plist;
				INFOPLIST_KEY_UIApplicationSupportsIndirectInputEvents = YES;
				INFOPLIST_KEY_UILaunchStoryboardName = LaunchScreen;
				INFOPLIST_KEY_UIMainStoryboardFile = Main;
				INFOPLIST_KEY_UISupportedInterfaceOrientations_iPad = "UIInterfaceOrientationPortrait UIInterfaceOrientationPortraitUpsideDown UIInterfaceOrientationLandscapeLeft UIInterfaceOrientationLandscapeRight";
				INFOPLIST_KEY_UISupportedInterfaceOrientations_iPhone = "UIInterfaceOrientationPortrait UIInterfaceOrientationLandscapeLeft UIInterfaceOrientationLandscapeRight";
				LD_RUNPATH_SEARCH_PATHS = (
					"$(inherited)",
					"@executable_path/Frameworks",
				);
				MARKETING_VERSION = 1.0;
				PRODUCT_BUNDLE_IDENTIFIER = "tranphihai141094.Today-App";
				PRODUCT_NAME = "$(TARGET_NAME)";
				SWIFT_EMIT_LOC_STRINGS = YES;
				SWIFT_VERSION = 5.0;
				TARGETED_DEVICE_FAMILY = "1,2";
			};
			name = Debug;
		};
		829DCFE0289C8EEC007365AF /* Release */ = {
			isa = XCBuildConfiguration;
			buildSettings = {
				ASSETCATALOG_COMPILER_APPICON_NAME = AppIcon;
				ASSETCATALOG_COMPILER_GLOBAL_ACCENT_COLOR_NAME = AccentColor;
				CODE_SIGN_STYLE = Automatic;
				CURRENT_PROJECT_VERSION = 1;
				DEVELOPMENT_TEAM = Z8BJ823U5D;
				GENERATE_INFOPLIST_FILE = YES;
				INFOPLIST_FILE = Today_App/Info.plist;
				INFOPLIST_KEY_UIApplicationSupportsIndirectInputEvents = YES;
				INFOPLIST_KEY_UILaunchStoryboardName = LaunchScreen;
				INFOPLIST_KEY_UIMainStoryboardFile = Main;
				INFOPLIST_KEY_UISupportedInterfaceOrientations_iPad = "UIInterfaceOrientationPortrait UIInterfaceOrientationPortraitUpsideDown UIInterfaceOrientationLandscapeLeft UIInterfaceOrientationLandscapeRight";
				INFOPLIST_KEY_UISupportedInterfaceOrientations_iPhone = "UIInterfaceOrientationPortrait UIInterfaceOrientationLandscapeLeft UIInterfaceOrientationLandscapeRight";
				LD_RUNPATH_SEARCH_PATHS = (
					"$(inherited)",
					"@executable_path/Frameworks",
				);
				MARKETING_VERSION = 1.0;
				PRODUCT_BUNDLE_IDENTIFIER = "tranphihai141094.Today-App";
				PRODUCT_NAME = "$(TARGET_NAME)";
				SWIFT_EMIT_LOC_STRINGS = YES;
				SWIFT_VERSION = 5.0;
				TARGETED_DEVICE_FAMILY = "1,2";
			};
			name = Release;
		};
/* End XCBuildConfiguration section */

/* Begin XCConfigurationList section */
		829DCFC5289C8EE8007365AF /* Build configuration list for PBXProject "Today_App" */ = {
			isa = XCConfigurationList;
			buildConfigurations = (
				829DCFDC289C8EEC007365AF /* Debug */,
				829DCFDD289C8EEC007365AF /* Release */,
			);
			defaultConfigurationIsVisible = 0;
			defaultConfigurationName = Release;
		};
		829DCFDE289C8EEC007365AF /* Build configuration list for PBXNativeTarget "Today_App" */ = {
			isa = XCConfigurationList;
			buildConfigurations = (
				829DCFDF289C8EEC007365AF /* Debug */,
				829DCFE0289C8EEC007365AF /* Release */,
			);
			defaultConfigurationIsVisible = 0;
			defaultConfigurationName = Release;
		};
/* End XCConfigurationList section */
	};
	rootObject = 829DCFC2289C8EE8007365AF /* Project object */;
}
